<?xml version="1.0" encoding="UTF-8" standalone="yes" ?>
<CodeBlocks_project_file>
	<FileVersion major="1" minor="5" />
	<Project>
		<Option title="FlashGUI" />
		<Option pch_mode="0" />
		<Option default_target="" />
		<Option compiler="gcc" />
		<Option virtualFolders="" />
		<Build>
			<Target title="linux">
				<Option output="../bin/FlashGUI" />
				<Option type="0" />
				<Option compiler="gcc" />
				<Option projectResourceIncludeDirsRelation="0" />
				<Compiler>
					<Add directory="$(#QT4DIR.include)" />
					<Add directory="$(#QT4DIR.include)/QtCore" />
					<Add directory="$(#QT4DIR.include)/QtGui" />
				</Compiler>
				<Linker>
					<Add library="QtGui" />
					<Add library="QtCore" />
					<Add library="pthread" />
					<Add library="X11" />
					<Add directory="$(#QT4DIR.lib)" />
					<Add directory="/usr/X11R6/lib" />
				</Linker>
				<ExtraCommands>
					<Add before="echo qmake-qt4 -project -unix" />
					<Add before="qmake-qt4 -unix" />
					<Add before="$(#MAKE) compiler_moc_header_make_all" />
				</ExtraCommands>
			</Target>
			<Target title="win32">
				<Option output="../bin/FlashGUI" />
				<Option type="0" />
				<Option compiler="gcc" />
				<Option projectResourceIncludeDirsRelation="0" />
				<Compiler>
					<Add option="-mthreads -Wl,-enable-stdcall-fixup -Wl,-enable-auto-import -Wl,-enable-runtime-pseudo-reloc -Wl,-s -Wl,-s -Wl,-subsystem,windows" />
					<Add option="-DUNICODE -DQT_LARGEFILE_SUPPORT -DQT_DLL -DQT_NO_DEBUG -DQT_GUI_LIB -DQT_CORE_LIB -DQT_THREAD_SUPPORT -DQT_NEEDS_QMAIN" />
					<Add directory="$(#QT4DIR.include)" />
					<Add directory="$(#QT4DIR.include)/QtCore" />
					<Add directory="$(#QT4DIR.include)/QtGui" />
				</Compiler>
				<Linker>
					<Add library="mingw32" />
					<Add library="qtmain" />
					<Add library="QtGui4" />
					<Add library="QtCore4" />
					<Add directory="$(#QT4DIR.lib)" />
					<Add directory="d:/Herramientas/QT4.1/lib" />
				</Linker>
				<ExtraCommands>
					<Add before="qmake -win32" />
					<Add before="$(MAKE) -f Makefile.Release compiler_moc_header_make_all" />
					<Add before="move release\moc*.cpp ." />
				</ExtraCommands>
			</Target>
		</Build>
		<VirtualTargets>
			<Add alias="All" targets="flashgui;win32;" />
		</VirtualTargets>
		<Unit filename="Dialog.cpp">
			<Option compilerVar="CPP" />
			<Option target="linux" />
		</Unit>
		<Unit filename="Dialog.h">
			<Option compilerVar="CPP" />
			<Option compile="0" />
			<Option link="0" />
			<Option weight="53" />
			<Option target="linux" />
		</Unit>
		<Unit filename="main.cpp">
			<Option compilerVar="CPP" />
			<Option target="linux" />
		</Unit>
		<Unit filename="moc_Dialog.cpp">
			<Option compilerVar="CPP" />
			<Option target="linux" />
		</Unit>
		<Extensions />
	</Project>
</CodeBlocks_project_file>